
Microsoft Visual Studio Solution File, Format Version 12.00
# Visual Studio 15
VisualStudioVersion = 15.0.28307.421
MinimumVisualStudioVersion = 10.0.40219.1
Project("{FAE04EC0-301F-11D3-BF4B-00C04F79EFBC}") = "GeneralManager", "mcmpgen\GeneralManager.csproj", "{A215EE96-8E17-4F63-A0C3-60B014C64754}"
EndProject
Project("{FAE04EC0-301F-11D3-BF4B-00C04F79EFBC}") = "BungeeCordHandler", "bungeecordhandler\BungeeCordHandler.csproj", "{63312A48-2FF8-4869-B0EC-DF567BFBC32B}"
EndProject
Global
	GlobalSection(SolutionConfigurationPlatforms) = preSolution
		Debug|Any CPU = Debug|Any CPU
		Release|Any CPU = Release|Any CPU
	EndGlobalSection
	GlobalSection(ProjectConfigurationPlatforms) = postSolution
		{A215EE96-8E17-4F63-A0C3-60B014C64754}.Debug|Any CPU.ActiveCfg = Debug|Any CPU
		{A215EE96-8E17-4F63-A0C3-60B014C64754}.Debug|Any CPU.Build.0 = Debug|Any CPU
		{A215EE96-8E17-4F63-A0C3-60B014C64754}.Release|Any CPU.ActiveCfg = Release|Any CPU
		{A215EE96-8E17-4F63-A0C3-60B014C64754}.Release|Any CPU.Build.0 = Release|Any CPU
		{63312A48-2FF8-4869-B0EC-DF567BFBC32B}.Debug|Any CPU.ActiveCfg = Debug|Any CPU
		{63312A48-2FF8-4869-B0EC-DF567BFBC32B}.Debug|Any CPU.Build.0 = Debug|Any CPU
		{63312A48-2FF8-4869-B0EC-DF567BFBC32B}.Release|Any CPU.ActiveCfg = Release|Any CPU
		{63312A48-2FF8-4869-B0EC-DF567BFBC32B}.Release|Any CPU.Build.0 = Release|Any CPU
	EndGlobalSection
	GlobalSection(SolutionProperties) = preSolution
		HideSolutionNode = FALSE
	EndGlobalSection
	GlobalSection(ExtensibilityGlobals) = postSolution
		SolutionGuid = {6A2F10C8-941D-401E-91D2-3E207D28CAE7}
	EndGlobalSection
EndGlobal
